// !$*UTF8*$!
{
	archiveVersion = 1;
	classes = {
	};
	objectVersion = 46;
	objects = {

/* Begin PBXBuildFile section */
		CE7C258816586DAF003CC82F /* Note.m in Sources */ = {isa = PBXBuildFile; fileRef = CE7C258716586DAF003CC82F /* Note.m */; };
		CE7C577116578ED100F693DA /* MapViewController.m in Sources */ = {isa = PBXBuildFile; fileRef = CE7C577016578ED100F693DA /* MapViewController.m */; };
		CE7C57881657999800F693DA /* MapKit.framework in Frameworks */ = {isa = PBXBuildFile; fileRef = CE7C57871657999800F693DA /* MapKit.framework */; };
		CE7C57981657A93900F693DA /* NoteAnnotation.m in Sources */ = {isa = PBXBuildFile; fileRef = CE7C57971657A93900F693DA /* NoteAnnotation.m */; };
		CE7C579A1657AA1A00F693DA /* CoreLocation.framework in Frameworks */ = {isa = PBXBuildFile; fileRef = CE7C57991657AA1A00F693DA /* CoreLocation.framework */; };
		CE82ECD6164FDC0A0031B243 /* UIKit.framework in Frameworks */ = {isa = PBXBuildFile; fileRef = CE82ECD5164FDC0A0031B243 /* UIKit.framework */; };
		CE82ECD8164FDC0A0031B243 /* Foundation.framework in Frameworks */ = {isa = PBXBuildFile; fileRef = CE82ECD7164FDC0A0031B243 /* Foundation.framework */; };
		CE82ECDA164FDC0A0031B243 /* CoreGraphics.framework in Frameworks */ = {isa = PBXBuildFile; fileRef = CE82ECD9164FDC0A0031B243 /* CoreGraphics.framework */; };
		CE82ECE0164FDC0A0031B243 /* InfoPlist.strings in Resources */ = {isa = PBXBuildFile; fileRef = CE82ECDE164FDC0A0031B243 /* InfoPlist.strings */; };
		CE82ECE2164FDC0A0031B243 /* main.m in Sources */ = {isa = PBXBuildFile; fileRef = CE82ECE1164FDC0A0031B243 /* main.m */; };
		CE82ECE6164FDC0A0031B243 /* MDAppDelegate.m in Sources */ = {isa = PBXBuildFile; fileRef = CE82ECE5164FDC0A0031B243 /* MDAppDelegate.m */; };
		CE82ECE9164FDC0A0031B243 /* MainStoryboard_iPhone.storyboard in Resources */ = {isa = PBXBuildFile; fileRef = CE82ECE7164FDC0A0031B243 /* MainStoryboard_iPhone.storyboard */; };
		CE82ECEC164FDC0A0031B243 /* MainStoryboard_iPad.storyboard in Resources */ = {isa = PBXBuildFile; fileRef = CE82ECEA164FDC0A0031B243 /* MainStoryboard_iPad.storyboard */; };
		CE82ECEF164FDC0A0031B243 /* MDViewController.m in Sources */ = {isa = PBXBuildFile; fileRef = CE82ECEE164FDC0A0031B243 /* MDViewController.m */; };
		CE82ECFA164FDD730031B243 /* Notes.xcdatamodeld in Sources */ = {isa = PBXBuildFile; fileRef = CE82ECF8164FDD730031B243 /* Notes.xcdatamodeld */; };
		CE82ECFF164FDE540031B243 /* CoreData.framework in Frameworks */ = {isa = PBXBuildFile; fileRef = CE82ECFE164FDE540031B243 /* CoreData.framework */; };
		CE82ED0D164FDEF30031B243 /* new_note.jpg in Resources */ = {isa = PBXBuildFile; fileRef = CE82ED06164FDEF30031B243 /* new_note.jpg */; };
		CE82ED0E164FDEF30031B243 /* view_note.jpg in Resources */ = {isa = PBXBuildFile; fileRef = CE82ED07164FDEF30031B243 /* view_note.jpg */; };
		CE82ED0F164FDEF30031B243 /* next.jpg in Resources */ = {isa = PBXBuildFile; fileRef = CE82ED08164FDEF30031B243 /* next.jpg */; };
		CE82ED10164FDEF30031B243 /* image.jpg in Resources */ = {isa = PBXBuildFile; fileRef = CE82ED09164FDEF30031B243 /* image.jpg */; };
		CE82ED11164FDEF30031B243 /* map.jpg in Resources */ = {isa = PBXBuildFile; fileRef = CE82ED0A164FDEF30031B243 /* map.jpg */; };
		CE82ED12164FDEF30031B243 /* ok.jpg in Resources */ = {isa = PBXBuildFile; fileRef = CE82ED0B164FDEF30031B243 /* ok.jpg */; };
		CE82ED13164FDEF30031B243 /* note_beta.jpg in Resources */ = {isa = PBXBuildFile; fileRef = CE82ED0C164FDEF30031B243 /* note_beta.jpg */; };
		CE82ED17164FE9B40031B243 /* CoreDataTableViewController.m in Sources */ = {isa = PBXBuildFile; fileRef = CE82ECF7164FDC760031B243 /* CoreDataTableViewController.m */; };
		CE82ED18164FE9D60031B243 /* NoteTableViewCell.m in Sources */ = {isa = PBXBuildFile; fileRef = CE82ED01164FDE880031B243 /* NoteTableViewCell.m */; };
		CE82ED19164FE9D60031B243 /* NoteTableViewController.m in Sources */ = {isa = PBXBuildFile; fileRef = CE82ED03164FDE990031B243 /* NoteTableViewController.m */; };
		CE8B268716513A0C000C073E /* AddNoteViewController.m in Sources */ = {isa = PBXBuildFile; fileRef = CE8B268616513A0C000C073E /* AddNoteViewController.m */; };
		CE8B268B16513A89000C073E /* DateViewController.m in Sources */ = {isa = PBXBuildFile; fileRef = CE8B268A16513A89000C073E /* DateViewController.m */; };
		CEE2207D1653ED2500036BFA /* NoteDetailViewController.m in Sources */ = {isa = PBXBuildFile; fileRef = CEE2207C1653ED2500036BFA /* NoteDetailViewController.m */; };
		F28BBA23165A6FE000D2A69C /* How_To_Use.txt in Resources */ = {isa = PBXBuildFile; fileRef = F28BBA20165A6FE000D2A69C /* How_To_Use.txt */; };
		F28BBA24165A6FE000D2A69C /* PhotoEditor.m in Sources */ = {isa = PBXBuildFile; fileRef = F28BBA22165A6FE000D2A69C /* PhotoEditor.m */; };
/* End PBXBuildFile section */

/* Begin PBXFileReference section */
		CE7C258616586DAF003CC82F /* Note.h */ = {isa = PBXFileReference; fileEncoding = 4; lastKnownFileType = sourcecode.c.h; path = Note.h; sourceTree = "<group>"; };
		CE7C258716586DAF003CC82F /* Note.m */ = {isa = PBXFileReference; fileEncoding = 4; lastKnownFileType = sourcecode.c.objc; path = Note.m; sourceTree = "<group>"; };
		CE7C576F16578ED100F693DA /* MapViewController.h */ = {isa = PBXFileReference; fileEncoding = 4; lastKnownFileType = sourcecode.c.h; path = MapViewController.h; sourceTree = "<group>"; };
		CE7C577016578ED100F693DA /* MapViewController.m */ = {isa = PBXFileReference; fileEncoding = 4; lastKnownFileType = sourcecode.c.objc; path = MapViewController.m; sourceTree = "<group>"; };
		CE7C57871657999800F693DA /* MapKit.framework */ = {isa = PBXFileReference; lastKnownFileType = wrapper.framework; name = MapKit.framework; path = System/Library/Frameworks/MapKit.framework; sourceTree = SDKROOT; };
		CE7C57961657A93900F693DA /* NoteAnnotation.h */ = {isa = PBXFileReference; fileEncoding = 4; lastKnownFileType = sourcecode.c.h; path = NoteAnnotation.h; sourceTree = "<group>"; };
		CE7C57971657A93900F693DA /* NoteAnnotation.m */ = {isa = PBXFileReference; fileEncoding = 4; lastKnownFileType = sourcecode.c.objc; path = NoteAnnotation.m; sourceTree = "<group>"; };
		CE7C57991657AA1A00F693DA /* CoreLocation.framework */ = {isa = PBXFileReference; lastKnownFileType = wrapper.framework; name = CoreLocation.framework; path = System/Library/Frameworks/CoreLocation.framework; sourceTree = SDKROOT; };
		CE82ECD1164FDC0A0031B243 /* MapDiaryDemo2.app */ = {isa = PBXFileReference; explicitFileType = wrapper.application; includeInIndex = 0; path = MapDiaryDemo2.app; sourceTree = BUILT_PRODUCTS_DIR; };
		CE82ECD5164FDC0A0031B243 /* UIKit.framework */ = {isa = PBXFileReference; lastKnownFileType = wrapper.framework; name = UIKit.framework; path = System/Library/Frameworks/UIKit.framework; sourceTree = SDKROOT; };
		CE82ECD7164FDC0A0031B243 /* Foundation.framework */ = {isa = PBXFileReference; lastKnownFileType = wrapper.framework; name = Foundation.framework; path = System/Library/Frameworks/Foundation.framework; sourceTree = SDKROOT; };
		CE82ECD9164FDC0A0031B243 /* CoreGraphics.framework */ = {isa = PBXFileReference; lastKnownFileType = wrapper.framework; name = CoreGraphics.framework; path = System/Library/Frameworks/CoreGraphics.framework; sourceTree = SDKROOT; };
		CE82ECDD164FDC0A0031B243 /* MapDiaryDemo2-Info.plist */ = {isa = PBXFileReference; lastKnownFileType = text.plist.xml; path = "MapDiaryDemo2-Info.plist"; sourceTree = "<group>"; };
		CE82ECDF164FDC0A0031B243 /* en */ = {isa = PBXFileReference; lastKnownFileType = text.plist.strings; name = en; path = en.lproj/InfoPlist.strings; sourceTree = "<group>"; };
		CE82ECE1164FDC0A0031B243 /* main.m */ = {isa = PBXFileReference; lastKnownFileType = sourcecode.c.objc; path = main.m; sourceTree = "<group>"; };
		CE82ECE3164FDC0A0031B243 /* MapDiaryDemo2-Prefix.pch */ = {isa = PBXFileReference; lastKnownFileType = sourcecode.c.h; path = "MapDiaryDemo2-Prefix.pch"; sourceTree = "<group>"; };
		CE82ECE4164FDC0A0031B243 /* MDAppDelegate.h */ = {isa = PBXFileReference; lastKnownFileType = sourcecode.c.h; path = MDAppDelegate.h; sourceTree = "<group>"; };
		CE82ECE5164FDC0A0031B243 /* MDAppDelegate.m */ = {isa = PBXFileReference; lastKnownFileType = sourcecode.c.objc; path = MDAppDelegate.m; sourceTree = "<group>"; };
		CE82ECE8164FDC0A0031B243 /* en */ = {isa = PBXFileReference; lastKnownFileType = file.storyboard; name = en; path = en.lproj/MainStoryboard_iPhone.storyboard; sourceTree = "<group>"; };
		CE82ECEB164FDC0A0031B243 /* en */ = {isa = PBXFileReference; lastKnownFileType = file.storyboard; name = en; path = en.lproj/MainStoryboard_iPad.storyboard; sourceTree = "<group>"; };
		CE82ECED164FDC0A0031B243 /* MDViewController.h */ = {isa = PBXFileReference; lastKnownFileType = sourcecode.c.h; path = MDViewController.h; sourceTree = "<group>"; };
		CE82ECEE164FDC0A0031B243 /* MDViewController.m */ = {isa = PBXFileReference; lastKnownFileType = sourcecode.c.objc; path = MDViewController.m; sourceTree = "<group>"; };
		CE82ECF6164FDC760031B243 /* CoreDataTableViewController.h */ = {isa = PBXFileReference; lastKnownFileType = sourcecode.c.h; path = CoreDataTableViewController.h; sourceTree = "<group>"; };
		CE82ECF7164FDC760031B243 /* CoreDataTableViewController.m */ = {isa = PBXFileReference; lastKnownFileType = sourcecode.c.objc; path = CoreDataTableViewController.m; sourceTree = "<group>"; };
		CE82ECF9164FDD730031B243 /* Notes.xcdatamodel */ = {isa = PBXFileReference; lastKnownFileType = wrapper.xcdatamodel; path = Notes.xcdatamodel; sourceTree = "<group>"; };
		CE82ECFE164FDE540031B243 /* CoreData.framework */ = {isa = PBXFileReference; lastKnownFileType = wrapper.framework; name = CoreData.framework; path = System/Library/Frameworks/CoreData.framework; sourceTree = SDKROOT; };
		CE82ED00164FDE880031B243 /* NoteTableViewCell.h */ = {isa = PBXFileReference; lastKnownFileType = sourcecode.c.h; path = NoteTableViewCell.h; sourceTree = "<group>"; };
		CE82ED01164FDE880031B243 /* NoteTableViewCell.m */ = {isa = PBXFileReference; lastKnownFileType = sourcecode.c.objc; path = NoteTableViewCell.m; sourceTree = "<group>"; };
		CE82ED02164FDE990031B243 /* NoteTableViewController.h */ = {isa = PBXFileReference; lastKnownFileType = sourcecode.c.h; path = NoteTableViewController.h; sourceTree = "<group>"; };
		CE82ED03164FDE990031B243 /* NoteTableViewController.m */ = {isa = PBXFileReference; lastKnownFileType = sourcecode.c.objc; path = NoteTableViewController.m; sourceTree = "<group>"; };
		CE82ED06164FDEF30031B243 /* new_note.jpg */ = {isa = PBXFileReference; lastKnownFileType = image.jpeg; path = new_note.jpg; sourceTree = "<group>"; };
		CE82ED07164FDEF30031B243 /* view_note.jpg */ = {isa = PBXFileReference; lastKnownFileType = image.jpeg; path = view_note.jpg; sourceTree = "<group>"; };
		CE82ED08164FDEF30031B243 /* next.jpg */ = {isa = PBXFileReference; lastKnownFileType = image.jpeg; path = next.jpg; sourceTree = "<group>"; };
		CE82ED09164FDEF30031B243 /* image.jpg */ = {isa = PBXFileReference; lastKnownFileType = image.jpeg; path = image.jpg; sourceTree = "<group>"; };
		CE82ED0A164FDEF30031B243 /* map.jpg */ = {isa = PBXFileReference; lastKnownFileType = image.jpeg; path = map.jpg; sourceTree = "<group>"; };
		CE82ED0B164FDEF30031B243 /* ok.jpg */ = {isa = PBXFileReference; lastKnownFileType = image.jpeg; path = ok.jpg; sourceTree = "<group>"; };
		CE82ED0C164FDEF30031B243 /* note_beta.jpg */ = {isa = PBXFileReference; lastKnownFileType = image.jpeg; path = note_beta.jpg; sourceTree = "<group>"; };
		CE8B268516513A0C000C073E /* AddNoteViewController.h */ = {isa = PBXFileReference; fileEncoding = 4; lastKnownFileType = sourcecode.c.h; path = AddNoteViewController.h; sourceTree = "<group>"; };
		CE8B268616513A0C000C073E /* AddNoteViewController.m */ = {isa = PBXFileReference; fileEncoding = 4; lastKnownFileType = sourcecode.c.objc; path = AddNoteViewController.m; sourceTree = "<group>"; };
		CE8B268916513A89000C073E /* DateViewController.h */ = {isa = PBXFileReference; fileEncoding = 4; lastKnownFileType = sourcecode.c.h; path = DateViewController.h; sourceTree = "<group>"; };
		CE8B268A16513A89000C073E /* DateViewController.m */ = {isa = PBXFileReference; fileEncoding = 4; lastKnownFileType = sourcecode.c.objc; path = DateViewController.m; sourceTree = "<group>"; };
		CEE2207B1653ED2400036BFA /* NoteDetailViewController.h */ = {isa = PBXFileReference; fileEncoding = 4; lastKnownFileType = sourcecode.c.h; path = NoteDetailViewController.h; sourceTree = "<group>"; };
		CEE2207C1653ED2500036BFA /* NoteDetailViewController.m */ = {isa = PBXFileReference; fileEncoding = 4; lastKnownFileType = sourcecode.c.objc; path = NoteDetailViewController.m; sourceTree = "<group>"; };
		F28BBA20165A6FE000D2A69C /* How_To_Use.txt */ = {isa = PBXFileReference; fileEncoding = 4; lastKnownFileType = text; path = How_To_Use.txt; sourceTree = "<group>"; };
		F28BBA21165A6FE000D2A69C /* PhotoEditor.h */ = {isa = PBXFileReference; fileEncoding = 4; lastKnownFileType = sourcecode.c.h; path = PhotoEditor.h; sourceTree = "<group>"; };
		F28BBA22165A6FE000D2A69C /* PhotoEditor.m */ = {isa = PBXFileReference; fileEncoding = 4; lastKnownFileType = sourcecode.c.objc; path = PhotoEditor.m; sourceTree = "<group>"; };
/* End PBXFileReference section */

/* Begin PBXFrameworksBuildPhase section */
		CE82ECCE164FDC0A0031B243 /* Frameworks */ = {
			isa = PBXFrameworksBuildPhase;
			buildActionMask = 2147483647;
			files = (
				CE7C579A1657AA1A00F693DA /* CoreLocation.framework in Frameworks */,
				CE7C57881657999800F693DA /* MapKit.framework in Frameworks */,
				CE82ECFF164FDE540031B243 /* CoreData.framework in Frameworks */,
				CE82ECD6164FDC0A0031B243 /* UIKit.framework in Frameworks */,
				CE82ECD8164FDC0A0031B243 /* Foundation.framework in Frameworks */,
				CE82ECDA164FDC0A0031B243 /* CoreGraphics.framework in Frameworks */,
			);
			runOnlyForDeploymentPostprocessing = 0;
		};
/* End PBXFrameworksBuildPhase section */

/* Begin PBXGroup section */
		CE82ECC6164FDC0A0031B243 = {
			isa = PBXGroup;
			children = (
				CE82ECDB164FDC0A0031B243 /* MapDiaryDemo2 */,
				CE82ECD4164FDC0A0031B243 /* Frameworks */,
				CE82ECD2164FDC0A0031B243 /* Products */,
			);
			sourceTree = "<group>";
		};
		CE82ECD2164FDC0A0031B243 /* Products */ = {
			isa = PBXGroup;
			children = (
				CE82ECD1164FDC0A0031B243 /* MapDiaryDemo2.app */,
			);
			name = Products;
			sourceTree = "<group>";
		};
		CE82ECD4164FDC0A0031B243 /* Frameworks */ = {
			isa = PBXGroup;
			children = (
				CE7C57991657AA1A00F693DA /* CoreLocation.framework */,
				CE7C57871657999800F693DA /* MapKit.framework */,
				CE82ECFE164FDE540031B243 /* CoreData.framework */,
				CE82ECD5164FDC0A0031B243 /* UIKit.framework */,
				CE82ECD7164FDC0A0031B243 /* Foundation.framework */,
				CE82ECD9164FDC0A0031B243 /* CoreGraphics.framework */,
			);
			name = Frameworks;
			sourceTree = "<group>";
		};
		CE82ECDB164FDC0A0031B243 /* MapDiaryDemo2 */ = {
			isa = PBXGroup;
			children = (
				F28BBA1F165A6F7F00D2A69C /* PhotoEditor */,
				CE82ED05164FDEE50031B243 /* images */,
				CE82ECE4164FDC0A0031B243 /* MDAppDelegate.h */,
				CE82ECE5164FDC0A0031B243 /* MDAppDelegate.m */,
				CE82ECE7164FDC0A0031B243 /* MainStoryboard_iPhone.storyboard */,
				CE82ECEA164FDC0A0031B243 /* MainStoryboard_iPad.storyboard */,
				CE82ECED164FDC0A0031B243 /* MDViewController.h */,
				CE82ECEE164FDC0A0031B243 /* MDViewController.m */,
				CE82ECF6164FDC760031B243 /* CoreDataTableViewController.h */,
				CE82ECF7164FDC760031B243 /* CoreDataTableViewController.m */,
				CE82ED00164FDE880031B243 /* NoteTableViewCell.h */,
				CE82ED01164FDE880031B243 /* NoteTableViewCell.m */,
				CE82ED02164FDE990031B243 /* NoteTableViewController.h */,
				CE82ED03164FDE990031B243 /* NoteTableViewController.m */,
				CE8B268916513A89000C073E /* DateViewController.h */,
				CE8B268A16513A89000C073E /* DateViewController.m */,
				CE8B268516513A0C000C073E /* AddNoteViewController.h */,
				CE8B268616513A0C000C073E /* AddNoteViewController.m */,
				CEE2207B1653ED2400036BFA /* NoteDetailViewController.h */,
				CEE2207C1653ED2500036BFA /* NoteDetailViewController.m */,
				CE7C576F16578ED100F693DA /* MapViewController.h */,
				CE7C577016578ED100F693DA /* MapViewController.m */,
				CE7C57961657A93900F693DA /* NoteAnnotation.h */,
				CE7C57971657A93900F693DA /* NoteAnnotation.m */,
				CE82ECDE164FDC0A0031B243 /* InfoPlist.strings */,
				CE82ECDC164FDC0A0031B243 /* Supporting Files */,
				CE7C258616586DAF003CC82F /* Note.h */,
				CE7C258716586DAF003CC82F /* Note.m */,
				CE82ECF8164FDD730031B243 /* Notes.xcdatamodeld */,
			);
			path = MapDiaryDemo2;
			sourceTree = "<group>";
		};
		CE82ECDC164FDC0A0031B243 /* Supporting Files */ = {
			isa = PBXGroup;
			children = (
				CE82ECDD164FDC0A0031B243 /* MapDiaryDemo2-Info.plist */,
				CE82ECE1164FDC0A0031B243 /* main.m */,
				CE82ECE3164FDC0A0031B243 /* MapDiaryDemo2-Prefix.pch */,
			);
			name = "Supporting Files";
			sourceTree = "<group>";
		};
		CE82ED05164FDEE50031B243 /* images */ = {
			isa = PBXGroup;
			children = (
				CE82ED06164FDEF30031B243 /* new_note.jpg */,
				CE82ED07164FDEF30031B243 /* view_note.jpg */,
				CE82ED08164FDEF30031B243 /* next.jpg */,
				CE82ED09164FDEF30031B243 /* image.jpg */,
				CE82ED0A164FDEF30031B243 /* map.jpg */,
				CE82ED0B164FDEF30031B243 /* ok.jpg */,
				CE82ED0C164FDEF30031B243 /* note_beta.jpg */,
			);
			name = images;
			sourceTree = "<group>";
		};
		F28BBA1F165A6F7F00D2A69C /* PhotoEditor */ = {
			isa = PBXGroup;
			children = (
				F28BBA20165A6FE000D2A69C /* How_To_Use.txt */,
				F28BBA21165A6FE000D2A69C /* PhotoEditor.h */,
				F28BBA22165A6FE000D2A69C /* PhotoEditor.m */,
			);
			name = PhotoEditor;
			sourceTree = "<group>";
		};
/* End PBXGroup section */

/* Begin PBXNativeTarget section */
		CE82ECD0164FDC0A0031B243 /* MapDiaryDemo2 */ = {
			isa = PBXNativeTarget;
			buildConfigurationList = CE82ECF2164FDC0A0031B243 /* Build configuration list for PBXNativeTarget "MapDiaryDemo2" */;
			buildPhases = (
				CE82ECCD164FDC0A0031B243 /* Sources */,
				CE82ECCE164FDC0A0031B243 /* Frameworks */,
				CE82ECCF164FDC0A0031B243 /* Resources */,
			);
			buildRules = (
			);
			dependencies = (
			);
			name = MapDiaryDemo2;
			productName = MapDiaryDemo2;
			productReference = CE82ECD1164FDC0A0031B243 /* MapDiaryDemo2.app */;
			productType = "com.apple.product-type.application";
		};
/* End PBXNativeTarget section */

/* Begin PBXProject section */
		CE82ECC8164FDC0A0031B243 /* Project object */ = {
			isa = PBXProject;
			attributes = {
				CLASSPREFIX = MD;
				LastUpgradeCheck = 0430;
			};
			buildConfigurationList = CE82ECCB164FDC0A0031B243 /* Build configuration list for PBXProject "MapDiaryDemo2" */;
			compatibilityVersion = "Xcode 3.2";
			developmentRegion = English;
			hasScannedForEncodings = 0;
			knownRegions = (
				en,
			);
			mainGroup = CE82ECC6164FDC0A0031B243;
			productRefGroup = CE82ECD2164FDC0A0031B243 /* Products */;
			projectDirPath = "";
			projectRoot = "";
			targets = (
				CE82ECD0164FDC0A0031B243 /* MapDiaryDemo2 */,
			);
		};
/* End PBXProject section */

/* Begin PBXResourcesBuildPhase section */
		CE82ECCF164FDC0A0031B243 /* Resources */ = {
			isa = PBXResourcesBuildPhase;
			buildActionMask = 2147483647;
			files = (
				CE82ECE0164FDC0A0031B243 /* InfoPlist.strings in Resources */,
				CE82ECE9164FDC0A0031B243 /* MainStoryboard_iPhone.storyboard in Resources */,
				CE82ECEC164FDC0A0031B243 /* MainStoryboard_iPad.storyboard in Resources */,
				CE82ED0D164FDEF30031B243 /* new_note.jpg in Resources */,
				CE82ED0E164FDEF30031B243 /* view_note.jpg in Resources */,
				CE82ED0F164FDEF30031B243 /* next.jpg in Resources */,
				CE82ED10164FDEF30031B243 /* image.jpg in Resources */,
				CE82ED11164FDEF30031B243 /* map.jpg in Resources */,
				CE82ED12164FDEF30031B243 /* ok.jpg in Resources */,
				CE82ED13164FDEF30031B243 /* note_beta.jpg in Resources */,
				F28BBA23165A6FE000D2A69C /* How_To_Use.txt in Resources */,
			);
			runOnlyForDeploymentPostprocessing = 0;
		};
/* End PBXResourcesBuildPhase section */

/* Begin PBXSourcesBuildPhase section */
		CE82ECCD164FDC0A0031B243 /* Sources */ = {
			isa = PBXSourcesBuildPhase;
			buildActionMask = 2147483647;
			files = (
				CE82ED18164FE9D60031B243 /* NoteTableViewCell.m in Sources */,
				CE82ED19164FE9D60031B243 /* NoteTableViewController.m in Sources */,
				CE82ED17164FE9B40031B243 /* CoreDataTableViewController.m in Sources */,
				CE82ECE2164FDC0A0031B243 /* main.m in Sources */,
				CE82ECE6164FDC0A0031B243 /* MDAppDelegate.m in Sources */,
				CE82ECEF164FDC0A0031B243 /* MDViewController.m in Sources */,
				CE82ECFA164FDD730031B243 /* Notes.xcdatamodeld in Sources */,
				CE8B268716513A0C000C073E /* AddNoteViewController.m in Sources */,
				CE8B268B16513A89000C073E /* DateViewController.m in Sources */,
				CEE2207D1653ED2500036BFA /* NoteDetailViewController.m in Sources */,
				CE7C577116578ED100F693DA /* MapViewController.m in Sources */,
				CE7C57981657A93900F693DA /* NoteAnnotation.m in Sources */,
				CE7C258816586DAF003CC82F /* Note.m in Sources */,
				F28BBA24165A6FE000D2A69C /* PhotoEditor.m in Sources */,
			);
			runOnlyForDeploymentPostprocessing = 0;
		};
/* End PBXSourcesBuildPhase section */

/* Begin PBXVariantGroup section */
		CE82ECDE164FDC0A0031B243 /* InfoPlist.strings */ = {
			isa = PBXVariantGroup;
			children = (
				CE82ECDF164FDC0A0031B243 /* en */,
			);
			name = InfoPlist.strings;
			sourceTree = "<group>";
		};
		CE82ECE7164FDC0A0031B243 /* MainStoryboard_iPhone.storyboard */ = {
			isa = PBXVariantGroup;
			children = (
				CE82ECE8164FDC0A0031B243 /* en */,
			);
			name = MainStoryboard_iPhone.storyboard;
			sourceTree = "<group>";
		};
		CE82ECEA164FDC0A0031B243 /* MainStoryboard_iPad.storyboard */ = {
			isa = PBXVariantGroup;
			children = (
				CE82ECEB164FDC0A0031B243 /* en */,
			);
			name = MainStoryboard_iPad.storyboard;
			sourceTree = "<group>";
		};
/* End PBXVariantGroup section */

/* Begin XCBuildConfiguration section */
		CE82ECF0164FDC0A0031B243 /* Debug */ = {
			isa = XCBuildConfiguration;
			buildSettings = {
				ALWAYS_SEARCH_USER_PATHS = NO;
				ARCHS = "$(ARCHS_STANDARD_32_BIT)";
				CLANG_ENABLE_OBJC_ARC = YES;
				"CODE_SIGN_IDENTITY[sdk=iphoneos*]" = "iPhone Developer";
				COPY_PHASE_STRIP = NO;
				GCC_C_LANGUAGE_STANDARD = gnu99;
				GCC_DYNAMIC_NO_PIC = NO;
				GCC_OPTIMIZATION_LEVEL = 0;
				GCC_PREPROCESSOR_DEFINITIONS = (
					"DEBUG=1",
					"$(inherited)",
				);
				GCC_SYMBOLS_PRIVATE_EXTERN = NO;
				GCC_VERSION = com.apple.compilers.llvm.clang.1_0;
				GCC_WARN_ABOUT_RETURN_TYPE = YES;
				GCC_WARN_UNINITIALIZED_AUTOS = YES;
				GCC_WARN_UNUSED_VARIABLE = YES;
				IPHONEOS_DEPLOYMENT_TARGET = 5.1;
				OTHER_LDFLAGS = "";
				SDKROOT = iphoneos;
				TARGETED_DEVICE_FAMILY = "1,2";
			};
			name = Debug;
		};
		CE82ECF1164FDC0A0031B243 /* Release */ = {
			isa = XCBuildConfiguration;
			buildSettings = {
				ALWAYS_SEARCH_USER_PATHS = NO;
				ARCHS = "$(ARCHS_STANDARD_32_BIT)";
				CLANG_ENABLE_OBJC_ARC = YES;
				"CODE_SIGN_IDENTITY[sdk=iphoneos*]" = "iPhone Developer";
				COPY_PHASE_STRIP = YES;
				GCC_C_LANGUAGE_STANDARD = gnu99;
				GCC_VERSION = com.apple.compilers.llvm.clang.1_0;
				GCC_WARN_ABOUT_RETURN_TYPE = YES;
				GCC_WARN_UNINITIALIZED_AUTOS = YES;
				GCC_WARN_UNUSED_VARIABLE = YES;
				IPHONEOS_DEPLOYMENT_TARGET = 5.1;
				OTHER_CFLAGS = "-DNS_BLOCK_ASSERTIONS=1";
				OTHER_LDFLAGS = "";
				SDKROOT = iphoneos;
				TARGETED_DEVICE_FAMILY = "1,2";
				VALIDATE_PRODUCT = YES;
			};
			name = Release;
		};
		CE82ECF3164FDC0A0031B243 /* Debug */ = {
			isa = XCBuildConfiguration;
			buildSettings = {
				GCC_PRECOMPILE_PREFIX_HEADER = YES;
				GCC_PREFIX_HEADER = "MapDiaryDemo2/MapDiaryDemo2-Prefix.pch";
				INFOPLIST_FILE = "MapDiaryDemo2/MapDiaryDemo2-Info.plist";
				PRODUCT_NAME = "$(TARGET_NAME)";
				WRAPPER_EXTENSION = app;
			};
			name = Debug;
		};
		CE82ECF4164FDC0A0031B243 /* Release */ = {
			isa = XCBuildConfiguration;
			buildSettings = {
				GCC_PRECOMPILE_PREFIX_HEADER = YES;
				GCC_PREFIX_HEADER = "MapDiaryDemo2/MapDiaryDemo2-Prefix.pch";
				INFOPLIST_FILE = "MapDiaryDemo2/MapDiaryDemo2-Info.plist";
				PRODUCT_NAME = "$(TARGET_NAME)";
				WRAPPER_EXTENSION = app;
			};
			name = Release;
		};
/* End XCBuildConfiguration section */

/* Begin XCConfigurationList section */
		CE82ECCB164FDC0A0031B243 /* Build configuration list for PBXProject "MapDiaryDemo2" */ = {
			isa = XCConfigurationList;
			buildConfigurations = (
				CE82ECF0164FDC0A0031B243 /* Debug */,
				CE82ECF1164FDC0A0031B243 /* Release */,
			);
			defaultConfigurationIsVisible = 0;
			defaultConfigurationName = Release;
		};
		CE82ECF2164FDC0A0031B243 /* Build configuration list for PBXNativeTarget "MapDiaryDemo2" */ = {
			isa = XCConfigurationList;
			buildConfigurations = (
				CE82ECF3164FDC0A0031B243 /* Debug */,
				CE82ECF4164FDC0A0031B243 /* Release */,
			);
			defaultConfigurationIsVisible = 0;
			defaultConfigurationName = Release;
		};
/* End XCConfigurationList section */

/* Begin XCVersionGroup section */
		CE82ECF8164FDD730031B243 /* Notes.xcdatamodeld */ = {
			isa = XCVersionGroup;
			children = (
				CE82ECF9164FDD730031B243 /* Notes.xcdatamodel */,
			);
			currentVersion = CE82ECF9164FDD730031B243 /* Notes.xcdatamodel */;
			path = Notes.xcdatamodeld;
			sourceTree = "<group>";
			versionGroupType = wrapper.xcdatamodel;
		};
/* End XCVersionGroup section */
	};
	rootObject = CE82ECC8164FDC0A0031B243 /* Project object */;
}
